// !$*UTF8*$!
{
	archiveVersion = 1;
	classes = {
	};
	objectVersion = 55;
	objects = {

/* Begin PBXBuildFile section */
		88B6CE0381F2C22B790FEC77 /* Pods_MoviesAppV2_0Tests.framework in Frameworks */ = {isa = PBXBuildFile; fileRef = 98646F40C2BBF18EAD833A56 /* Pods_MoviesAppV2_0Tests.framework */; };
		8909D8E0286EE35300AB8169 /* Services.swift in Sources */ = {isa = PBXBuildFile; fileRef = 8909D8DF286EE35300AB8169 /* Services.swift */; };
		8909D8E5286EEE5300AB8169 /* Movies.swift in Sources */ = {isa = PBXBuildFile; fileRef = 8909D8E4286EEE5300AB8169 /* Movies.swift */; };
		8909D8E7286EF19E00AB8169 /* MovieViewModel.swift in Sources */ = {isa = PBXBuildFile; fileRef = 8909D8E6286EF19E00AB8169 /* MovieViewModel.swift */; };
		8909D8EA286F0A2900AB8169 /* MovieDetailController.swift in Sources */ = {isa = PBXBuildFile; fileRef = 8909D8E8286F0A2900AB8169 /* MovieDetailController.swift */; };
		8909D8EB286F0A2900AB8169 /* MovieDetailController.xib in Resources */ = {isa = PBXBuildFile; fileRef = 8909D8E9286F0A2900AB8169 /* MovieDetailController.xib */; };
		891279DE286F105200B4B154 /* UIViewController+Additional.swift in Sources */ = {isa = PBXBuildFile; fileRef = 891279DD286F105200B4B154 /* UIViewController+Additional.swift */; };
		891279E0286F17E500B4B154 /* MovieDetails.swift in Sources */ = {isa = PBXBuildFile; fileRef = 891279DF286F17E500B4B154 /* MovieDetails.swift */; };
		891279E2286F198D00B4B154 /* MovieDetailViewModel.swift in Sources */ = {isa = PBXBuildFile; fileRef = 891279E1286F198D00B4B154 /* MovieDetailViewModel.swift */; };
		8936315D286DF9D90035872A /* AppDelegate.swift in Sources */ = {isa = PBXBuildFile; fileRef = 8936315C286DF9D90035872A /* AppDelegate.swift */; };
		8936315F286DF9D90035872A /* SceneDelegate.swift in Sources */ = {isa = PBXBuildFile; fileRef = 8936315E286DF9D90035872A /* SceneDelegate.swift */; };
		89363164286DF9D90035872A /* Main.storyboard in Resources */ = {isa = PBXBuildFile; fileRef = 89363162286DF9D90035872A /* Main.storyboard */; };
		89363166286DF9DA0035872A /* Assets.xcassets in Resources */ = {isa = PBXBuildFile; fileRef = 89363165286DF9DA0035872A /* Assets.xcassets */; };
		89363169286DF9DA0035872A /* LaunchScreen.storyboard in Resources */ = {isa = PBXBuildFile; fileRef = 89363167286DF9DA0035872A /* LaunchScreen.storyboard */; };
		89363174286DF9DA0035872A /* MoviesAppV2_0Tests.swift in Sources */ = {isa = PBXBuildFile; fileRef = 89363173286DF9DA0035872A /* MoviesAppV2_0Tests.swift */; };
		8936317E286DF9DA0035872A /* MoviesAppV2_0UITests.swift in Sources */ = {isa = PBXBuildFile; fileRef = 8936317D286DF9DA0035872A /* MoviesAppV2_0UITests.swift */; };
		89363180286DF9DA0035872A /* MoviesAppV2_0UITestsLaunchTests.swift in Sources */ = {isa = PBXBuildFile; fileRef = 8936317F286DF9DA0035872A /* MoviesAppV2_0UITestsLaunchTests.swift */; };
		8936318F286E09C00035872A /* MovieListCell.swift in Sources */ = {isa = PBXBuildFile; fileRef = 8936318D286E09C00035872A /* MovieListCell.swift */; };
		89363190286E09C00035872A /* MovieListCell.xib in Resources */ = {isa = PBXBuildFile; fileRef = 8936318E286E09C00035872A /* MovieListCell.xib */; };
		893631D3286E22900035872A /* MovieListController.swift in Sources */ = {isa = PBXBuildFile; fileRef = 893631D1286E22900035872A /* MovieListController.swift */; };
		893631D4286E22900035872A /* MovieListController.xib in Resources */ = {isa = PBXBuildFile; fileRef = 893631D2286E22900035872A /* MovieListController.xib */; };
		896374912872F13000FC4A24 /* Utils.swift in Sources */ = {isa = PBXBuildFile; fileRef = 896374902872F13000FC4A24 /* Utils.swift */; };
		896374932872F86F00FC4A24 /* APIProtocols+Additinal.swift in Sources */ = {isa = PBXBuildFile; fileRef = 896374922872F86F00FC4A24 /* APIProtocols+Additinal.swift */; };
		896799252871C840009E2110 /* String+Additional.swift in Sources */ = {isa = PBXBuildFile; fileRef = 896799242871C840009E2110 /* String+Additional.swift */; };
		896799272871CA20009E2110 /* UILabel+Additional.swift in Sources */ = {isa = PBXBuildFile; fileRef = 896799262871CA20009E2110 /* UILabel+Additional.swift */; };
		9AF0ADD2DED2B6B71368359D /* Pods_MoviesAppV2_0_MoviesAppV2_0UITests.framework in Frameworks */ = {isa = PBXBuildFile; fileRef = 90044B10A857A61153337856 /* Pods_MoviesAppV2_0_MoviesAppV2_0UITests.framework */; };
		FDAE08C73D7B5E494E4CE245 /* Pods_MoviesAppV2_0.framework in Frameworks */ = {isa = PBXBuildFile; fileRef = AA7057FE5921669706227F6E /* Pods_MoviesAppV2_0.framework */; };
/* End PBXBuildFile section */

/* Begin PBXContainerItemProxy section */
		89363170286DF9DA0035872A /* PBXContainerItemProxy */ = {
			isa = PBXContainerItemProxy;
			containerPortal = 89363151286DF9D90035872A /* Project object */;
			proxyType = 1;
			remoteGlobalIDString = 89363158286DF9D90035872A;
			remoteInfo = MoviesAppV2.0;
		};
		8936317A286DF9DA0035872A /* PBXContainerItemProxy */ = {
			isa = PBXContainerItemProxy;
			containerPortal = 89363151286DF9D90035872A /* Project object */;
			proxyType = 1;
			remoteGlobalIDString = 89363158286DF9D90035872A;
			remoteInfo = MoviesAppV2.0;
		};
/* End PBXContainerItemProxy section */

/* Begin PBXFileReference section */
		0485DAD290742BB24D3A4896 /* Pods-MoviesAppV2.0-MoviesAppV2.0UITests.debug.xcconfig */ = {isa = PBXFileReference; includeInIndex = 1; lastKnownFileType = text.xcconfig; name = "Pods-MoviesAppV2.0-MoviesAppV2.0UITests.debug.xcconfig"; path = "Target Support Files/Pods-MoviesAppV2.0-MoviesAppV2.0UITests/Pods-MoviesAppV2.0-MoviesAppV2.0UITests.debug.xcconfig"; sourceTree = "<group>"; };
		27CE401261FD3F191C1A83A9 /* Pods-MoviesAppV2.0.release.xcconfig */ = {isa = PBXFileReference; includeInIndex = 1; lastKnownFileType = text.xcconfig; name = "Pods-MoviesAppV2.0.release.xcconfig"; path = "Target Support Files/Pods-MoviesAppV2.0/Pods-MoviesAppV2.0.release.xcconfig"; sourceTree = "<group>"; };
		7856AFC90D9027F24445FF19 /* Pods-MoviesAppV2.0Tests.release.xcconfig */ = {isa = PBXFileReference; includeInIndex = 1; lastKnownFileType = text.xcconfig; name = "Pods-MoviesAppV2.0Tests.release.xcconfig"; path = "Target Support Files/Pods-MoviesAppV2.0Tests/Pods-MoviesAppV2.0Tests.release.xcconfig"; sourceTree = "<group>"; };
		8909D8DF286EE35300AB8169 /* Services.swift */ = {isa = PBXFileReference; lastKnownFileType = sourcecode.swift; path = Services.swift; sourceTree = "<group>"; };
		8909D8E4286EEE5300AB8169 /* Movies.swift */ = {isa = PBXFileReference; lastKnownFileType = sourcecode.swift; path = Movies.swift; sourceTree = "<group>"; };
		8909D8E6286EF19E00AB8169 /* MovieViewModel.swift */ = {isa = PBXFileReference; lastKnownFileType = sourcecode.swift; path = MovieViewModel.swift; sourceTree = "<group>"; };
		8909D8E8286F0A2900AB8169 /* MovieDetailController.swift */ = {isa = PBXFileReference; lastKnownFileType = sourcecode.swift; path = MovieDetailController.swift; sourceTree = "<group>"; };
		8909D8E9286F0A2900AB8169 /* MovieDetailController.xib */ = {isa = PBXFileReference; lastKnownFileType = file.xib; path = MovieDetailController.xib; sourceTree = "<group>"; };
		891279DD286F105200B4B154 /* UIViewController+Additional.swift */ = {isa = PBXFileReference; lastKnownFileType = sourcecode.swift; path = "UIViewController+Additional.swift"; sourceTree = "<group>"; };
		891279DF286F17E500B4B154 /* MovieDetails.swift */ = {isa = PBXFileReference; lastKnownFileType = sourcecode.swift; path = MovieDetails.swift; sourceTree = "<group>"; };
		891279E1286F198D00B4B154 /* MovieDetailViewModel.swift */ = {isa = PBXFileReference; lastKnownFileType = sourcecode.swift; path = MovieDetailViewModel.swift; sourceTree = "<group>"; };
		89363159286DF9D90035872A /* MoviesAppV2.0.app */ = {isa = PBXFileReference; explicitFileType = wrapper.application; includeInIndex = 0; path = MoviesAppV2.0.app; sourceTree = BUILT_PRODUCTS_DIR; };
		8936315C286DF9D90035872A /* AppDelegate.swift */ = {isa = PBXFileReference; lastKnownFileType = sourcecode.swift; path = AppDelegate.swift; sourceTree = "<group>"; };
		8936315E286DF9D90035872A /* SceneDelegate.swift */ = {isa = PBXFileReference; lastKnownFileType = sourcecode.swift; path = SceneDelegate.swift; sourceTree = "<group>"; };
		89363163286DF9D90035872A /* Base */ = {isa = PBXFileReference; lastKnownFileType = file.storyboard; name = Base; path = Base.lproj/Main.storyboard; sourceTree = "<group>"; };
		89363165286DF9DA0035872A /* Assets.xcassets */ = {isa = PBXFileReference; lastKnownFileType = folder.assetcatalog; path = Assets.xcassets; sourceTree = "<group>"; };
		89363168286DF9DA0035872A /* Base */ = {isa = PBXFileReference; lastKnownFileType = file.storyboard; name = Base; path = Base.lproj/LaunchScreen.storyboard; sourceTree = "<group>"; };
		8936316A286DF9DA0035872A /* Info.plist */ = {isa = PBXFileReference; lastKnownFileType = text.plist.xml; path = Info.plist; sourceTree = "<group>"; };
		8936316F286DF9DA0035872A /* MoviesAppV2.0Tests.xctest */ = {isa = PBXFileReference; explicitFileType = wrapper.cfbundle; includeInIndex = 0; path = MoviesAppV2.0Tests.xctest; sourceTree = BUILT_PRODUCTS_DIR; };
		89363173286DF9DA0035872A /* MoviesAppV2_0Tests.swift */ = {isa = PBXFileReference; lastKnownFileType = sourcecode.swift; path = MoviesAppV2_0Tests.swift; sourceTree = "<group>"; };
		89363179286DF9DA0035872A /* MoviesAppV2.0UITests.xctest */ = {isa = PBXFileReference; explicitFileType = wrapper.cfbundle; includeInIndex = 0; path = MoviesAppV2.0UITests.xctest; sourceTree = BUILT_PRODUCTS_DIR; };
		8936317D286DF9DA0035872A /* MoviesAppV2_0UITests.swift */ = {isa = PBXFileReference; lastKnownFileType = sourcecode.swift; path = MoviesAppV2_0UITests.swift; sourceTree = "<group>"; };
		8936317F286DF9DA0035872A /* MoviesAppV2_0UITestsLaunchTests.swift */ = {isa = PBXFileReference; lastKnownFileType = sourcecode.swift; path = MoviesAppV2_0UITestsLaunchTests.swift; sourceTree = "<group>"; };
		8936318D286E09C00035872A /* MovieListCell.swift */ = {isa = PBXFileReference; lastKnownFileType = sourcecode.swift; path = MovieListCell.swift; sourceTree = "<group>"; };
		8936318E286E09C00035872A /* MovieListCell.xib */ = {isa = PBXFileReference; lastKnownFileType = file.xib; path = MovieListCell.xib; sourceTree = "<group>"; };
		893631D1286E22900035872A /* MovieListController.swift */ = {isa = PBXFileReference; lastKnownFileType = sourcecode.swift; path = MovieListController.swift; sourceTree = "<group>"; };
		893631D2286E22900035872A /* MovieListController.xib */ = {isa = PBXFileReference; lastKnownFileType = file.xib; path = MovieListController.xib; sourceTree = "<group>"; };
		896374902872F13000FC4A24 /* Utils.swift */ = {isa = PBXFileReference; lastKnownFileType = sourcecode.swift; path = Utils.swift; sourceTree = "<group>"; };
		896374922872F86F00FC4A24 /* APIProtocols+Additinal.swift */ = {isa = PBXFileReference; lastKnownFileType = sourcecode.swift; path = "APIProtocols+Additinal.swift"; sourceTree = "<group>"; };
		896799242871C840009E2110 /* String+Additional.swift */ = {isa = PBXFileReference; lastKnownFileType = sourcecode.swift; path = "String+Additional.swift"; sourceTree = "<group>"; };
		896799262871CA20009E2110 /* UILabel+Additional.swift */ = {isa = PBXFileReference; lastKnownFileType = sourcecode.swift; path = "UILabel+Additional.swift"; sourceTree = "<group>"; };
		8EE0D4FE03CF76A9140FBE97 /* Pods-MoviesAppV2.0-MoviesAppV2.0UITests.release.xcconfig */ = {isa = PBXFileReference; includeInIndex = 1; lastKnownFileType = text.xcconfig; name = "Pods-MoviesAppV2.0-MoviesAppV2.0UITests.release.xcconfig"; path = "Target Support Files/Pods-MoviesAppV2.0-MoviesAppV2.0UITests/Pods-MoviesAppV2.0-MoviesAppV2.0UITests.release.xcconfig"; sourceTree = "<group>"; };
		90044B10A857A61153337856 /* Pods_MoviesAppV2_0_MoviesAppV2_0UITests.framework */ = {isa = PBXFileReference; explicitFileType = wrapper.framework; includeInIndex = 0; path = Pods_MoviesAppV2_0_MoviesAppV2_0UITests.framework; sourceTree = BUILT_PRODUCTS_DIR; };
		98646F40C2BBF18EAD833A56 /* Pods_MoviesAppV2_0Tests.framework */ = {isa = PBXFileReference; explicitFileType = wrapper.framework; includeInIndex = 0; path = Pods_MoviesAppV2_0Tests.framework; sourceTree = BUILT_PRODUCTS_DIR; };
		AA7057FE5921669706227F6E /* Pods_MoviesAppV2_0.framework */ = {isa = PBXFileReference; explicitFileType = wrapper.framework; includeInIndex = 0; path = Pods_MoviesAppV2_0.framework; sourceTree = BUILT_PRODUCTS_DIR; };
		C6D38A23B9766C8D6F180EB7 /* Pods-MoviesAppV2.0Tests.debug.xcconfig */ = {isa = PBXFileReference; includeInIndex = 1; lastKnownFileType = text.xcconfig; name = "Pods-MoviesAppV2.0Tests.debug.xcconfig"; path = "Target Support Files/Pods-MoviesAppV2.0Tests/Pods-MoviesAppV2.0Tests.debug.xcconfig"; sourceTree = "<group>"; };
		C9C9421C98A1A0379E60934C /* Pods-MoviesAppV2.0.debug.xcconfig */ = {isa = PBXFileReference; includeInIndex = 1; lastKnownFileType = text.xcconfig; name = "Pods-MoviesAppV2.0.debug.xcconfig"; path = "Target Support Files/Pods-MoviesAppV2.0/Pods-MoviesAppV2.0.debug.xcconfig"; sourceTree = "<group>"; };
/* End PBXFileReference section */

/* Begin PBXFrameworksBuildPhase section */
		89363156286DF9D90035872A /* Frameworks */ = {
			isa = PBXFrameworksBuildPhase;
			buildActionMask = 2147483647;
			files = (
				FDAE08C73D7B5E494E4CE245 /* Pods_MoviesAppV2_0.framework in Frameworks */,
			);
			runOnlyForDeploymentPostprocessing = 0;
		};
		8936316C286DF9DA0035872A /* Frameworks */ = {
			isa = PBXFrameworksBuildPhase;
			buildActionMask = 2147483647;
			files = (
				88B6CE0381F2C22B790FEC77 /* Pods_MoviesAppV2_0Tests.framework in Frameworks */,
			);
			runOnlyForDeploymentPostprocessing = 0;
		};
		89363176286DF9DA0035872A /* Frameworks */ = {
			isa = PBXFrameworksBuildPhase;
			buildActionMask = 2147483647;
			files = (
				9AF0ADD2DED2B6B71368359D /* Pods_MoviesAppV2_0_MoviesAppV2_0UITests.framework in Frameworks */,
			);
			runOnlyForDeploymentPostprocessing = 0;
		};
/* End PBXFrameworksBuildPhase section */

/* Begin PBXGroup section */
		65791F878BFE36660899F14B /* Pods */ = {
			isa = PBXGroup;
			children = (
				C9C9421C98A1A0379E60934C /* Pods-MoviesAppV2.0.debug.xcconfig */,
				27CE401261FD3F191C1A83A9 /* Pods-MoviesAppV2.0.release.xcconfig */,
				0485DAD290742BB24D3A4896 /* Pods-MoviesAppV2.0-MoviesAppV2.0UITests.debug.xcconfig */,
				8EE0D4FE03CF76A9140FBE97 /* Pods-MoviesAppV2.0-MoviesAppV2.0UITests.release.xcconfig */,
				C6D38A23B9766C8D6F180EB7 /* Pods-MoviesAppV2.0Tests.debug.xcconfig */,
				7856AFC90D9027F24445FF19 /* Pods-MoviesAppV2.0Tests.release.xcconfig */,
			);
			path = Pods;
			sourceTree = "<group>";
		};
		8909D8DB286EE0E500AB8169 /* Controller */ = {
			isa = PBXGroup;
			children = (
				893631D1286E22900035872A /* MovieListController.swift */,
				893631D2286E22900035872A /* MovieListController.xib */,
				8909D8E8286F0A2900AB8169 /* MovieDetailController.swift */,
				8909D8E9286F0A2900AB8169 /* MovieDetailController.xib */,
			);
			path = Controller;
			sourceTree = "<group>";
		};
		8909D8DC286EE12C00AB8169 /* Model */ = {
			isa = PBXGroup;
			children = (
				8909D8E4286EEE5300AB8169 /* Movies.swift */,
				891279DF286F17E500B4B154 /* MovieDetails.swift */,
			);
			path = Model;
			sourceTree = "<group>";
		};
		8909D8DD286EE2D500AB8169 /* ViewModel */ = {
			isa = PBXGroup;
			children = (
				8909D8E6286EF19E00AB8169 /* MovieViewModel.swift */,
				891279E1286F198D00B4B154 /* MovieDetailViewModel.swift */,
			);
			path = ViewModel;
			sourceTree = "<group>";
		};
		8909D8DE286EE33900AB8169 /* Services */ = {
			isa = PBXGroup;
			children = (
				8909D8DF286EE35300AB8169 /* Services.swift */,
				896374922872F86F00FC4A24 /* APIProtocols+Additinal.swift */,
			);
			path = Services;
			sourceTree = "<group>";
		};
		8909D8EC286F0B2900AB8169 /* extensions */ = {
			isa = PBXGroup;
			children = (
				891279DD286F105200B4B154 /* UIViewController+Additional.swift */,
				896799242871C840009E2110 /* String+Additional.swift */,
				896799262871CA20009E2110 /* UILabel+Additional.swift */,
			);
			path = extensions;
			sourceTree = "<group>";
		};
		89363150286DF9D90035872A = {
			isa = PBXGroup;
			children = (
				8936315B286DF9D90035872A /* MoviesAppV2.0 */,
				89363172286DF9DA0035872A /* MoviesAppV2.0Tests */,
				8936317C286DF9DA0035872A /* MoviesAppV2.0UITests */,
				8936315A286DF9D90035872A /* Products */,
				65791F878BFE36660899F14B /* Pods */,
				8F86EB29170D82C34E78D267 /* Frameworks */,
			);
			sourceTree = "<group>";
		};
		8936315A286DF9D90035872A /* Products */ = {
			isa = PBXGroup;
			children = (
				89363159286DF9D90035872A /* MoviesAppV2.0.app */,
				8936316F286DF9DA0035872A /* MoviesAppV2.0Tests.xctest */,
				89363179286DF9DA0035872A /* MoviesAppV2.0UITests.xctest */,
			);
			name = Products;
			sourceTree = "<group>";
		};
		8936315B286DF9D90035872A /* MoviesAppV2.0 */ = {
			isa = PBXGroup;
			children = (
				8909D8EC286F0B2900AB8169 /* extensions */,
				8909D8DE286EE33900AB8169 /* Services */,
				8909D8DD286EE2D500AB8169 /* ViewModel */,
				8909D8DC286EE12C00AB8169 /* Model */,
				8909D8DB286EE0E500AB8169 /* Controller */,
				8936318C286E09750035872A /* View */,
				8936315C286DF9D90035872A /* AppDelegate.swift */,
				8936315E286DF9D90035872A /* SceneDelegate.swift */,
				89363162286DF9D90035872A /* Main.storyboard */,
				89363165286DF9DA0035872A /* Assets.xcassets */,
				89363167286DF9DA0035872A /* LaunchScreen.storyboard */,
				8936316A286DF9DA0035872A /* Info.plist */,
				896374902872F13000FC4A24 /* Utils.swift */,
			);
			path = MoviesAppV2.0;
			sourceTree = "<group>";
		};
		89363172286DF9DA0035872A /* MoviesAppV2.0Tests */ = {
			isa = PBXGroup;
			children = (
				89363173286DF9DA0035872A /* MoviesAppV2_0Tests.swift */,
			);
			path = MoviesAppV2.0Tests;
			sourceTree = "<group>";
		};
		8936317C286DF9DA0035872A /* MoviesAppV2.0UITests */ = {
			isa = PBXGroup;
			children = (
				8936317D286DF9DA0035872A /* MoviesAppV2_0UITests.swift */,
				8936317F286DF9DA0035872A /* MoviesAppV2_0UITestsLaunchTests.swift */,
			);
			path = MoviesAppV2.0UITests;
			sourceTree = "<group>";
		};
		8936318C286E09750035872A /* View */ = {
			isa = PBXGroup;
			children = (
				8936318D286E09C00035872A /* MovieListCell.swift */,
				8936318E286E09C00035872A /* MovieListCell.xib */,
			);
			path = View;
			sourceTree = "<group>";
		};
		8F86EB29170D82C34E78D267 /* Frameworks */ = {
			isa = PBXGroup;
			children = (
				AA7057FE5921669706227F6E /* Pods_MoviesAppV2_0.framework */,
				90044B10A857A61153337856 /* Pods_MoviesAppV2_0_MoviesAppV2_0UITests.framework */,
				98646F40C2BBF18EAD833A56 /* Pods_MoviesAppV2_0Tests.framework */,
			);
			name = Frameworks;
			sourceTree = "<group>";
		};
/* End PBXGroup section */

/* Begin PBXNativeTarget section */
		89363158286DF9D90035872A /* MoviesAppV2.0 */ = {
			isa = PBXNativeTarget;
			buildConfigurationList = 89363183286DF9DA0035872A /* Build configuration list for PBXNativeTarget "MoviesAppV2.0" */;
			buildPhases = (
				01B68053F38AFFFF077AD94F /* [CP] Check Pods Manifest.lock */,
				89363155286DF9D90035872A /* Sources */,
				89363156286DF9D90035872A /* Frameworks */,
				89363157286DF9D90035872A /* Resources */,
			);
			buildRules = (
			);
			dependencies = (
			);
			name = MoviesAppV2.0;
			productName = MoviesAppV2.0;
			productReference = 89363159286DF9D90035872A /* MoviesAppV2.0.app */;
			productType = "com.apple.product-type.application";
		};
		8936316E286DF9DA0035872A /* MoviesAppV2.0Tests */ = {
			isa = PBXNativeTarget;
			buildConfigurationList = 89363186286DF9DA0035872A /* Build configuration list for PBXNativeTarget "MoviesAppV2.0Tests" */;
			buildPhases = (
				91F966CBFE05E8E5D146683C /* [CP] Check Pods Manifest.lock */,
				8936316B286DF9DA0035872A /* Sources */,
				8936316C286DF9DA0035872A /* Frameworks */,
				8936316D286DF9DA0035872A /* Resources */,
			);
			buildRules = (
			);
			dependencies = (
				89363171286DF9DA0035872A /* PBXTargetDependency */,
			);
			name = MoviesAppV2.0Tests;
			productName = MoviesAppV2.0Tests;
			productReference = 8936316F286DF9DA0035872A /* MoviesAppV2.0Tests.xctest */;
			productType = "com.apple.product-type.bundle.unit-test";
		};
		89363178286DF9DA0035872A /* MoviesAppV2.0UITests */ = {
			isa = PBXNativeTarget;
			buildConfigurationList = 89363189286DF9DA0035872A /* Build configuration list for PBXNativeTarget "MoviesAppV2.0UITests" */;
			buildPhases = (
				03D75A57B1E0ABAEA4B8F4D4 /* [CP] Check Pods Manifest.lock */,
				89363175286DF9DA0035872A /* Sources */,
				89363176286DF9DA0035872A /* Frameworks */,
				89363177286DF9DA0035872A /* Resources */,
			);
			buildRules = (
			);
			dependencies = (
				8936317B286DF9DA0035872A /* PBXTargetDependency */,
			);
			name = MoviesAppV2.0UITests;
			productName = MoviesAppV2.0UITests;
			productReference = 89363179286DF9DA0035872A /* MoviesAppV2.0UITests.xctest */;
			productType = "com.apple.product-type.bundle.ui-testing";
		};
/* End PBXNativeTarget section */

/* Begin PBXProject section */
		89363151286DF9D90035872A /* Project object */ = {
			isa = PBXProject;
			attributes = {
				BuildIndependentTargetsInParallel = 1;
				LastSwiftUpdateCheck = 1320;
				LastUpgradeCheck = 1320;
				TargetAttributes = {
					89363158286DF9D90035872A = {
						CreatedOnToolsVersion = 13.2.1;
					};
					8936316E286DF9DA0035872A = {
						CreatedOnToolsVersion = 13.2.1;
						TestTargetID = 89363158286DF9D90035872A;
					};
					89363178286DF9DA0035872A = {
						CreatedOnToolsVersion = 13.2.1;
						TestTargetID = 89363158286DF9D90035872A;
					};
				};
			};
			buildConfigurationList = 89363154286DF9D90035872A /* Build configuration list for PBXProject "MoviesAppV2.0" */;
			compatibilityVersion = "Xcode 13.0";
			developmentRegion = en;
			hasScannedForEncodings = 0;
			knownRegions = (
				en,
				Base,
			);
			mainGroup = 89363150286DF9D90035872A;
			productRefGroup = 8936315A286DF9D90035872A /* Products */;
			projectDirPath = "";
			projectRoot = "";
			targets = (
				89363158286DF9D90035872A /* MoviesAppV2.0 */,
				8936316E286DF9DA0035872A /* MoviesAppV2.0Tests */,
				89363178286DF9DA0035872A /* MoviesAppV2.0UITests */,
			);
		};
/* End PBXProject section */

/* Begin PBXResourcesBuildPhase section */
		89363157286DF9D90035872A /* Resources */ = {
			isa = PBXResourcesBuildPhase;
			buildActionMask = 2147483647;
			files = (
				89363169286DF9DA0035872A /* LaunchScreen.storyboard in Resources */,
				89363166286DF9DA0035872A /* Assets.xcassets in Resources */,
				893631D4286E22900035872A /* MovieListController.xib in Resources */,
				89363190286E09C00035872A /* MovieListCell.xib in Resources */,
				89363164286DF9D90035872A /* Main.storyboard in Resources */,
				8909D8EB286F0A2900AB8169 /* MovieDetailController.xib in Resources */,
			);
			runOnlyForDeploymentPostprocessing = 0;
		};
		8936316D286DF9DA0035872A /* Resources */ = {
			isa = PBXResourcesBuildPhase;
			buildActionMask = 2147483647;
			files = (
			);
			runOnlyForDeploymentPostprocessing = 0;
		};
		89363177286DF9DA0035872A /* Resources */ = {
			isa = PBXResourcesBuildPhase;
			buildActionMask = 2147483647;
			files = (
			);
			runOnlyForDeploymentPostprocessing = 0;
		};
/* End PBXResourcesBuildPhase section */

/* Begin PBXShellScriptBuildPhase section */
		01B68053F38AFFFF077AD94F /* [CP] Check Pods Manifest.lock */ = {
			isa = PBXShellScriptBuildPhase;
			buildActionMask = 2147483647;
			files = (
			);
			inputFileListPaths = (
			);
			inputPaths = (
				"${PODS_PODFILE_DIR_PATH}/Podfile.lock",
				"${PODS_ROOT}/Manifest.lock",
			);
			name = "[CP] Check Pods Manifest.lock";
			outputFileListPaths = (
			);
			outputPaths = (
				"$(DERIVED_FILE_DIR)/Pods-MoviesAppV2.0-checkManifestLockResult.txt",
			);
			runOnlyForDeploymentPostprocessing = 0;
			shellPath = /bin/sh;
			shellScript = "diff \"${PODS_PODFILE_DIR_PATH}/Podfile.lock\" \"${PODS_ROOT}/Manifest.lock\" > /dev/null\nif [ $? != 0 ] ; then\n    # print error to STDERR\n    echo \"error: The sandbox is not in sync with the Podfile.lock. Run 'pod install' or update your CocoaPods installation.\" >&2\n    exit 1\nfi\n# This output is used by Xcode 'outputs' to avoid re-running this script phase.\necho \"SUCCESS\" > \"${SCRIPT_OUTPUT_FILE_0}\"\n";
			showEnvVarsInLog = 0;
		};
		03D75A57B1E0ABAEA4B8F4D4 /* [CP] Check Pods Manifest.lock */ = {
			isa = PBXShellScriptBuildPhase;
			buildActionMask = 2147483647;
			files = (
			);
			inputFileListPaths = (
			);
			inputPaths = (
				"${PODS_PODFILE_DIR_PATH}/Podfile.lock",
				"${PODS_ROOT}/Manifest.lock",
			);
			name = "[CP] Check Pods Manifest.lock";
			outputFileListPaths = (
			);
			outputPaths = (
				"$(DERIVED_FILE_DIR)/Pods-MoviesAppV2.0-MoviesAppV2.0UITests-checkManifestLockResult.txt",
			);
			runOnlyForDeploymentPostprocessing = 0;
			shellPath = /bin/sh;
			shellScript = "diff \"${PODS_PODFILE_DIR_PATH}/Podfile.lock\" \"${PODS_ROOT}/Manifest.lock\" > /dev/null\nif [ $? != 0 ] ; then\n    # print error to STDERR\n    echo \"error: The sandbox is not in sync with the Podfile.lock. Run 'pod install' or update your CocoaPods installation.\" >&2\n    exit 1\nfi\n# This output is used by Xcode 'outputs' to avoid re-running this script phase.\necho \"SUCCESS\" > \"${SCRIPT_OUTPUT_FILE_0}\"\n";
			showEnvVarsInLog = 0;
		};
		91F966CBFE05E8E5D146683C /* [CP] Check Pods Manifest.lock */ = {
			isa = PBXShellScriptBuildPhase;
			buildActionMask = 2147483647;
			files = (
			);
			inputFileListPaths = (
			);
			inputPaths = (
				"${PODS_PODFILE_DIR_PATH}/Podfile.lock",
				"${PODS_ROOT}/Manifest.lock",
			);
			name = "[CP] Check Pods Manifest.lock";
			outputFileListPaths = (
			);
			outputPaths = (
				"$(DERIVED_FILE_DIR)/Pods-MoviesAppV2.0Tests-checkManifestLockResult.txt",
			);
			runOnlyForDeploymentPostprocessing = 0;
			shellPath = /bin/sh;
			shellScript = "diff \"${PODS_PODFILE_DIR_PATH}/Podfile.lock\" \"${PODS_ROOT}/Manifest.lock\" > /dev/null\nif [ $? != 0 ] ; then\n    # print error to STDERR\n    echo \"error: The sandbox is not in sync with the Podfile.lock. Run 'pod install' or update your CocoaPods installation.\" >&2\n    exit 1\nfi\n# This output is used by Xcode 'outputs' to avoid re-running this script phase.\necho \"SUCCESS\" > \"${SCRIPT_OUTPUT_FILE_0}\"\n";
			showEnvVarsInLog = 0;
		};
/* End PBXShellScriptBuildPhase section */

/* Begin PBXSourcesBuildPhase section */
		89363155286DF9D90035872A /* Sources */ = {
			isa = PBXSourcesBuildPhase;
			buildActionMask = 2147483647;
			files = (
				891279DE286F105200B4B154 /* UIViewController+Additional.swift in Sources */,
				896799252871C840009E2110 /* String+Additional.swift in Sources */,
				893631D3286E22900035872A /* MovieListController.swift in Sources */,
				896374912872F13000FC4A24 /* Utils.swift in Sources */,
				8936315D286DF9D90035872A /* AppDelegate.swift in Sources */,
				896799272871CA20009E2110 /* UILabel+Additional.swift in Sources */,
				896374932872F86F00FC4A24 /* APIProtocols+Additinal.swift in Sources */,
				891279E0286F17E500B4B154 /* MovieDetails.swift in Sources */,
				8909D8E5286EEE5300AB8169 /* Movies.swift in Sources */,
				8909D8E0286EE35300AB8169 /* Services.swift in Sources */,
				891279E2286F198D00B4B154 /* MovieDetailViewModel.swift in Sources */,
				8909D8E7286EF19E00AB8169 /* MovieViewModel.swift in Sources */,
				8909D8EA286F0A2900AB8169 /* MovieDetailController.swift in Sources */,
				8936318F286E09C00035872A /* MovieListCell.swift in Sources */,
				8936315F286DF9D90035872A /* SceneDelegate.swift in Sources */,
			);
			runOnlyForDeploymentPostprocessing = 0;
		};
		8936316B286DF9DA0035872A /* Sources */ = {
			isa = PBXSourcesBuildPhase;
			buildActionMask = 2147483647;
			files = (
				89363174286DF9DA0035872A /* MoviesAppV2_0Tests.swift in Sources */,
			);
			runOnlyForDeploymentPostprocessing = 0;
		};
		89363175286DF9DA0035872A /* Sources */ = {
			isa = PBXSourcesBuildPhase;
			buildActionMask = 2147483647;
			files = (
				89363180286DF9DA0035872A /* MoviesAppV2_0UITestsLaunchTests.swift in Sources */,
				8936317E286DF9DA0035872A /* MoviesAppV2_0UITests.swift in Sources */,
			);
			runOnlyForDeploymentPostprocessing = 0;
		};
/* End PBXSourcesBuildPhase section */

/* Begin PBXTargetDependency section */
		89363171286DF9DA0035872A /* PBXTargetDependency */ = {
			isa = PBXTargetDependency;
			target = 89363158286DF9D90035872A /* MoviesAppV2.0 */;
			targetProxy = 89363170286DF9DA0035872A /* PBXContainerItemProxy */;
		};
		8936317B286DF9DA0035872A /* PBXTargetDependency */ = {
			isa = PBXTargetDependency;
			target = 89363158286DF9D90035872A /* MoviesAppV2.0 */;
			targetProxy = 8936317A286DF9DA0035872A /* PBXContainerItemProxy */;
		};
/* End PBXTargetDependency section */

/* Begin PBXVariantGroup section */
		89363162286DF9D90035872A /* Main.storyboard */ = {
			isa = PBXVariantGroup;
			children = (
				89363163286DF9D90035872A /* Base */,
			);
			name = Main.storyboard;
			sourceTree = "<group>";
		};
		89363167286DF9DA0035872A /* LaunchScreen.storyboard */ = {
			isa = PBXVariantGroup;
			children = (
				89363168286DF9DA0035872A /* Base */,
			);
			name = LaunchScreen.storyboard;
			sourceTree = "<group>";
		};
/* End PBXVariantGroup section */

/* Begin XCBuildConfiguration section */
		89363181286DF9DA0035872A /* Debug */ = {
			isa = XCBuildConfiguration;
			buildSettings = {
				ALWAYS_SEARCH_USER_PATHS = NO;
				CLANG_ANALYZER_NONNULL = YES;
				CLANG_ANALYZER_NUMBER_OBJECT_CONVERSION = YES_AGGRESSIVE;
				CLANG_CXX_LANGUAGE_STANDARD = "gnu++17";
				CLANG_CXX_LIBRARY = "libc++";
				CLANG_ENABLE_MODULES = YES;
				CLANG_ENABLE_OBJC_ARC = YES;
				CLANG_ENABLE_OBJC_WEAK = YES;
				CLANG_WARN_BLOCK_CAPTURE_AUTORELEASING = YES;
				CLANG_WARN_BOOL_CONVERSION = YES;
				CLANG_WARN_COMMA = YES;
				CLANG_WARN_CONSTANT_CONVERSION = YES;
				CLANG_WARN_DEPRECATED_OBJC_IMPLEMENTATIONS = YES;
				CLANG_WARN_DIRECT_OBJC_ISA_USAGE = YES_ERROR;
				CLANG_WARN_DOCUMENTATION_COMMENTS = YES;
				CLANG_WARN_EMPTY_BODY = YES;
				CLANG_WARN_ENUM_CONVERSION = YES;
				CLANG_WARN_INFINITE_RECURSION = YES;
				CLANG_WARN_INT_CONVERSION = YES;
				CLANG_WARN_NON_LITERAL_NULL_CONVERSION = YES;
				CLANG_WARN_OBJC_IMPLICIT_RETAIN_SELF = YES;
				CLANG_WARN_OBJC_LITERAL_CONVERSION = YES;
				CLANG_WARN_OBJC_ROOT_CLASS = YES_ERROR;
				CLANG_WARN_QUOTED_INCLUDE_IN_FRAMEWORK_HEADER = YES;
				CLANG_WARN_RANGE_LOOP_ANALYSIS = YES;
				CLANG_WARN_STRICT_PROTOTYPES = YES;
				CLANG_WARN_SUSPICIOUS_MOVE = YES;
				CLANG_WARN_UNGUARDED_AVAILABILITY = YES_AGGRESSIVE;
				CLANG_WARN_UNREACHABLE_CODE = YES;
				CLANG_WARN__DUPLICATE_METHOD_MATCH = YES;
				COPY_PHASE_STRIP = NO;
				DEBUG_INFORMATION_FORMAT = dwarf;
				ENABLE_STRICT_OBJC_MSGSEND = YES;
				ENABLE_TESTABILITY = YES;
				GCC_C_LANGUAGE_STANDARD = gnu11;
				GCC_DYNAMIC_NO_PIC = NO;
				GCC_NO_COMMON_BLOCKS = YES;
				GCC_OPTIMIZATION_LEVEL = 0;
				GCC_PREPROCESSOR_DEFINITIONS = (
					"DEBUG=1",
					"$(inherited)",
				);
				GCC_WARN_64_TO_32_BIT_CONVERSION = YES;
				GCC_WARN_ABOUT_RETURN_TYPE = YES_ERROR;
				GCC_WARN_UNDECLARED_SELECTOR = YES;
				GCC_WARN_UNINITIALIZED_AUTOS = YES_AGGRESSIVE;
				GCC_WARN_UNUSED_FUNCTION = YES;
				GCC_WARN_UNUSED_VARIABLE = YES;
				IPHONEOS_DEPLOYMENT_TARGET = 15.2;
				MTL_ENABLE_DEBUG_INFO = INCLUDE_SOURCE;
				MTL_FAST_MATH = YES;
				ONLY_ACTIVE_ARCH = YES;
				SDKROOT = iphoneos;
				SWIFT_ACTIVE_COMPILATION_CONDITIONS = DEBUG;
				SWIFT_OPTIMIZATION_LEVEL = "-Onone";
			};
			name = Debug;
		};
		89363182286DF9DA0035872A /* Release */ = {
			isa = XCBuildConfiguration;
			buildSettings = {
				ALWAYS_SEARCH_USER_PATHS = NO;
				CLANG_ANALYZER_NONNULL = YES;
				CLANG_ANALYZER_NUMBER_OBJECT_CONVERSION = YES_AGGRESSIVE;
				CLANG_CXX_LANGUAGE_STANDARD = "gnu++17";
				CLANG_CXX_LIBRARY = "libc++";
				CLANG_ENABLE_MODULES = YES;
				CLANG_ENABLE_OBJC_ARC = YES;
				CLANG_ENABLE_OBJC_WEAK = YES;
				CLANG_WARN_BLOCK_CAPTURE_AUTORELEASING = YES;
				CLANG_WARN_BOOL_CONVERSION = YES;
				CLANG_WARN_COMMA = YES;
				CLANG_WARN_CONSTANT_CONVERSION = YES;
				CLANG_WARN_DEPRECATED_OBJC_IMPLEMENTATIONS = YES;
				CLANG_WARN_DIRECT_OBJC_ISA_USAGE = YES_ERROR;
				CLANG_WARN_DOCUMENTATION_COMMENTS = YES;
				CLANG_WARN_EMPTY_BODY = YES;
				CLANG_WARN_ENUM_CONVERSION = YES;
				CLANG_WARN_INFINITE_RECURSION = YES;
				CLANG_WARN_INT_CONVERSION = YES;
				CLANG_WARN_NON_LITERAL_NULL_CONVERSION = YES;
				CLANG_WARN_OBJC_IMPLICIT_RETAIN_SELF = YES;
				CLANG_WARN_OBJC_LITERAL_CONVERSION = YES;
				CLANG_WARN_OBJC_ROOT_CLASS = YES_ERROR;
				CLANG_WARN_QUOTED_INCLUDE_IN_FRAMEWORK_HEADER = YES;
				CLANG_WARN_RANGE_LOOP_ANALYSIS = YES;
				CLANG_WARN_STRICT_PROTOTYPES = YES;
				CLANG_WARN_SUSPICIOUS_MOVE = YES;
				CLANG_WARN_UNGUARDED_AVAILABILITY = YES_AGGRESSIVE;
				CLANG_WARN_UNREACHABLE_CODE = YES;
				CLANG_WARN__DUPLICATE_METHOD_MATCH = YES;
				COPY_PHASE_STRIP = NO;
				DEBUG_INFORMATION_FORMAT = "dwarf-with-dsym";
				ENABLE_NS_ASSERTIONS = NO;
				ENABLE_STRICT_OBJC_MSGSEND = YES;
				GCC_C_LANGUAGE_STANDARD = gnu11;
				GCC_NO_COMMON_BLOCKS = YES;
				GCC_WARN_64_TO_32_BIT_CONVERSION = YES;
				GCC_WARN_ABOUT_RETURN_TYPE = YES_ERROR;
				GCC_WARN_UNDECLARED_SELECTOR = YES;
				GCC_WARN_UNINITIALIZED_AUTOS = YES_AGGRESSIVE;
				GCC_WARN_UNUSED_FUNCTION = YES;
				GCC_WARN_UNUSED_VARIABLE = YES;
				IPHONEOS_DEPLOYMENT_TARGET = 15.2;
				MTL_ENABLE_DEBUG_INFO = NO;
				MTL_FAST_MATH = YES;
				SDKROOT = iphoneos;
				SWIFT_COMPILATION_MODE = wholemodule;
				SWIFT_OPTIMIZATION_LEVEL = "-O";
				VALIDATE_PRODUCT = YES;
			};
			name = Release;
		};
		89363184286DF9DA0035872A /* Debug */ = {
			isa = XCBuildConfiguration;
			baseConfigurationReference = C9C9421C98A1A0379E60934C /* Pods-MoviesAppV2.0.debug.xcconfig */;
			buildSettings = {
				ASSETCATALOG_COMPILER_APPICON_NAME = AppIcon;
				ASSETCATALOG_COMPILER_GLOBAL_ACCENT_COLOR_NAME = AccentColor;
				CODE_SIGN_STYLE = Automatic;
				CURRENT_PROJECT_VERSION = 1;
				GENERATE_INFOPLIST_FILE = YES;
				INFOPLIST_FILE = MoviesAppV2.0/Info.plist;
				INFOPLIST_KEY_UIApplicationSupportsIndirectInputEvents = YES;
				INFOPLIST_KEY_UILaunchStoryboardName = LaunchScreen;
				INFOPLIST_KEY_UIMainStoryboardFile = Main;
				INFOPLIST_KEY_UISupportedInterfaceOrientations_iPad = "UIInterfaceOrientationPortrait UIInterfaceOrientationPortraitUpsideDown UIInterfaceOrientationLandscapeLeft UIInterfaceOrientationLandscapeRight";
				INFOPLIST_KEY_UISupportedInterfaceOrientations_iPhone = "UIInterfaceOrientationPortrait UIInterfaceOrientationLandscapeLeft UIInterfaceOrientationLandscapeRight";
				LD_RUNPATH_SEARCH_PATHS = (
					"$(inherited)",
					"@executable_path/Frameworks",
				);
				MARKETING_VERSION = 1.0;
				PRODUCT_BUNDLE_IDENTIFIER = "SelfCode.MoviesAppV2-0";
				PRODUCT_NAME = "$(TARGET_NAME)";
				SWIFT_EMIT_LOC_STRINGS = YES;
				SWIFT_VERSION = 5.0;
				TARGETED_DEVICE_FAMILY = "1,2";
			};
			name = Debug;
		};
		89363185286DF9DA0035872A /* Release */ = {
			isa = XCBuildConfiguration;
			baseConfigurationReference = 27CE401261FD3F191C1A83A9 /* Pods-MoviesAppV2.0.release.xcconfig */;
			buildSettings = {
				ASSETCATALOG_COMPILER_APPICON_NAME = AppIcon;
				ASSETCATALOG_COMPILER_GLOBAL_ACCENT_COLOR_NAME = AccentColor;
				CODE_SIGN_STYLE = Automatic;
				CURRENT_PROJECT_VERSION = 1;
				GENERATE_INFOPLIST_FILE = YES;
				INFOPLIST_FILE = MoviesAppV2.0/Info.plist;
				INFOPLIST_KEY_UIApplicationSupportsIndirectInputEvents = YES;
				INFOPLIST_KEY_UILaunchStoryboardName = LaunchScreen;
				INFOPLIST_KEY_UIMainStoryboardFile = Main;
				INFOPLIST_KEY_UISupportedInterfaceOrientations_iPad = "UIInterfaceOrientationPortrait UIInterfaceOrientationPortraitUpsideDown UIInterfaceOrientationLandscapeLeft UIInterfaceOrientationLandscapeRight";
				INFOPLIST_KEY_UISupportedInterfaceOrientations_iPhone = "UIInterfaceOrientationPortrait UIInterfaceOrientationLandscapeLeft UIInterfaceOrientationLandscapeRight";
				LD_RUNPATH_SEARCH_PATHS = (
					"$(inherited)",
					"@executable_path/Frameworks",
				);
				MARKETING_VERSION = 1.0;
				PRODUCT_BUNDLE_IDENTIFIER = "SelfCode.MoviesAppV2-0";
				PRODUCT_NAME = "$(TARGET_NAME)";
				SWIFT_EMIT_LOC_STRINGS = YES;
				SWIFT_VERSION = 5.0;
				TARGETED_DEVICE_FAMILY = "1,2";
			};
			name = Release;
		};
		89363187286DF9DA0035872A /* Debug */ = {
			isa = XCBuildConfiguration;
			baseConfigurationReference = C6D38A23B9766C8D6F180EB7 /* Pods-MoviesAppV2.0Tests.debug.xcconfig */;
			buildSettings = {
				ALWAYS_EMBED_SWIFT_STANDARD_LIBRARIES = YES;
				BUNDLE_LOADER = "$(TEST_HOST)";
				CODE_SIGN_STYLE = Automatic;
				CURRENT_PROJECT_VERSION = 1;
				GENERATE_INFOPLIST_FILE = YES;
				IPHONEOS_DEPLOYMENT_TARGET = 15.2;
				MARKETING_VERSION = 1.0;
				PRODUCT_BUNDLE_IDENTIFIER = "SelfCode.MoviesAppV2-0Tests";
				PRODUCT_NAME = "$(TARGET_NAME)";
				SWIFT_EMIT_LOC_STRINGS = NO;
				SWIFT_VERSION = 5.0;
				TARGETED_DEVICE_FAMILY = "1,2";
				TEST_HOST = "$(BUILT_PRODUCTS_DIR)/MoviesAppV2.0.app/MoviesAppV2.0";
			};
			name = Debug;
		};
		89363188286DF9DA0035872A /* Release */ = {
			isa = XCBuildConfiguration;
			baseConfigurationReference = 7856AFC90D9027F24445FF19 /* Pods-MoviesAppV2.0Tests.release.xcconfig */;
			buildSettings = {
				ALWAYS_EMBED_SWIFT_STANDARD_LIBRARIES = YES;
				BUNDLE_LOADER = "$(TEST_HOST)";
				CODE_SIGN_STYLE = Automatic;
				CURRENT_PROJECT_VERSION = 1;
				GENERATE_INFOPLIST_FILE = YES;
				IPHONEOS_DEPLOYMENT_TARGET = 15.2;
				MARKETING_VERSION = 1.0;
				PRODUCT_BUNDLE_IDENTIFIER = "SelfCode.MoviesAppV2-0Tests";
				PRODUCT_NAME = "$(TARGET_NAME)";
				SWIFT_EMIT_LOC_STRINGS = NO;
				SWIFT_VERSION = 5.0;
				TARGETED_DEVICE_FAMILY = "1,2";
				TEST_HOST = "$(BUILT_PRODUCTS_DIR)/MoviesAppV2.0.app/MoviesAppV2.0";
			};
			name = Release;
		};
		8936318A286DF9DA0035872A /* Debug */ = {
			isa = XCBuildConfiguration;
			baseConfigurationReference = 0485DAD290742BB24D3A4896 /* Pods-MoviesAppV2.0-MoviesAppV2.0UITests.debug.xcconfig */;
			buildSettings = {
				ALWAYS_EMBED_SWIFT_STANDARD_LIBRARIES = YES;
				CODE_SIGN_STYLE = Automatic;
				CURRENT_PROJECT_VERSION = 1;
				GENERATE_INFOPLIST_FILE = YES;
				MARKETING_VERSION = 1.0;
				PRODUCT_BUNDLE_IDENTIFIER = "SelfCode.MoviesAppV2-0UITests";
				PRODUCT_NAME = "$(TARGET_NAME)";
				SWIFT_EMIT_LOC_STRINGS = NO;
				SWIFT_VERSION = 5.0;
				TARGETED_DEVICE_FAMILY = "1,2";
				TEST_TARGET_NAME = MoviesAppV2.0;
			};
			name = Debug;
		};
		8936318B286DF9DA0035872A /* Release */ = {
			isa = XCBuildConfiguration;
			baseConfigurationReference = 8EE0D4FE03CF76A9140FBE97 /* Pods-MoviesAppV2.0-MoviesAppV2.0UITests.release.xcconfig */;
			buildSettings = {
				ALWAYS_EMBED_SWIFT_STANDARD_LIBRARIES = YES;
				CODE_SIGN_STYLE = Automatic;
				CURRENT_PROJECT_VERSION = 1;
				GENERATE_INFOPLIST_FILE = YES;
				MARKETING_VERSION = 1.0;
				PRODUCT_BUNDLE_IDENTIFIER = "SelfCode.MoviesAppV2-0UITests";
				PRODUCT_NAME = "$(TARGET_NAME)";
				SWIFT_EMIT_LOC_STRINGS = NO;
				SWIFT_VERSION = 5.0;
				TARGETED_DEVICE_FAMILY = "1,2";
				TEST_TARGET_NAME = MoviesAppV2.0;
			};
			name = Release;
		};
/* End XCBuildConfiguration section */

/* Begin XCConfigurationList section */
		89363154286DF9D90035872A /* Build configuration list for PBXProject "MoviesAppV2.0" */ = {
			isa = XCConfigurationList;
			buildConfigurations = (
				89363181286DF9DA0035872A /* Debug */,
				89363182286DF9DA0035872A /* Release */,
			);
			defaultConfigurationIsVisible = 0;
			defaultConfigurationName = Release;
		};
		89363183286DF9DA0035872A /* Build configuration list for PBXNativeTarget "MoviesAppV2.0" */ = {
			isa = XCConfigurationList;
			buildConfigurations = (
				89363184286DF9DA0035872A /* Debug */,
				89363185286DF9DA0035872A /* Release */,
			);
			defaultConfigurationIsVisible = 0;
			defaultConfigurationName = Release;
		};
		89363186286DF9DA0035872A /* Build configuration list for PBXNativeTarget "MoviesAppV2.0Tests" */ = {
			isa = XCConfigurationList;
			buildConfigurations = (
				89363187286DF9DA0035872A /* Debug */,
				89363188286DF9DA0035872A /* Release */,
			);
			defaultConfigurationIsVisible = 0;
			defaultConfigurationName = Release;
		};
		89363189286DF9DA0035872A /* Build configuration list for PBXNativeTarget "MoviesAppV2.0UITests" */ = {
			isa = XCConfigurationList;
			buildConfigurations = (
				8936318A286DF9DA0035872A /* Debug */,
				8936318B286DF9DA0035872A /* Release */,
			);
			defaultConfigurationIsVisible = 0;
			defaultConfigurationName = Release;
		};
/* End XCConfigurationList section */
	};
	rootObject = 89363151286DF9D90035872A /* Project object */;
}
